
Microsoft Visual Studio Solution File, Format Version 12.00
# Visual Studio Version 16
VisualStudioVersion = 16.0.30621.155
MinimumVisualStudioVersion = 10.0.40219.1
Project("{FAE04EC0-301F-11D3-BF4B-00C04F79EFBC}") = "Calculadora", "Calculadora\Calculadora.csproj", "{1254D0C4-55E7-4B18-A377-F275E7CFF9DB}"
EndProject
Global
	GlobalSection(SolutionConfigurationPlatforms) = preSolution
		Debug|Any CPU = Debug|Any CPU
		Release|Any CPU = Release|Any CPU
	EndGlobalSection
	GlobalSection(ProjectConfigurationPlatforms) = postSolution
		{1254D0C4-55E7-4B18-A377-F275E7CFF9DB}.Debug|Any CPU.ActiveCfg = Debug|Any CPU
		{1254D0C4-55E7-4B18-A377-F275E7CFF9DB}.Debug|Any CPU.Build.0 = Debug|Any CPU
		{1254D0C4-55E7-4B18-A377-F275E7CFF9DB}.Release|Any CPU.ActiveCfg = Release|Any CPU
		{1254D0C4-55E7-4B18-A377-F275E7CFF9DB}.Release|Any CPU.Build.0 = Release|Any CPU
	EndGlobalSection
	GlobalSection(SolutionProperties) = preSolution
		HideSolutionNode = FALSE
	EndGlobalSection
	GlobalSection(ExtensibilityGlobals) = postSolution
		SolutionGuid = {B24CFA04-0130-40CE-A2F5-309DEBE881BC}
	EndGlobalSection
EndGlobal
